github.com/Masterminds/semver/v3 v3.1.1 h1:hLg3sBzpNErnxhQtUy/mmLR2I9foDujNK030IGemrRc=
github.com/Masterminds/semver/v3 v3.1.1/go.mod h1:VPu/7SZ7ePZ3QOrcuXROw5FAcLl4a0cBrbBpGY/8hQs=
github.com/aws/aws-lambda-go v1.34.1 h1:M3a/uFYBjii+tDcOJ0wL/WyFi2550FHoECdPf27zvOs=
github.com/aws/aws-lambda-go v1.34.1/go.mod h1:jwFe2KmMsHmffA1X2R09hH6lFzJQxzI8qK17ewzbQMM=
github.com/aws/aws-sdk-go-v2 v1.17.1 h1:02c72fDJr87N8RAC2s3Qu0YuvMRZKNZJ9F+lAehCazk=
github.com/aws/aws-sdk-go-v2 v1.17.1/go.mod h1:JLnGeGONAyi2lWXI1p0PCIOIy333JMVK1U7Hf0aRFLw=
github.com/aws/aws-sdk-go-v2/aws/protocol/eventstream v1.4.9 h1:RKci2D7tMwpvGpDNZnGQw9wk6v7o/xSwFcUAuNPoB8k=
github.com/aws/aws-sdk-go-v2/aws/protocol/eventstream v1.4.9/go.mod h1:vCmV1q1VK8eoQJ5+aYE7PkK1K6v41qJ5pJdK3ggCDvg=
github.com/aws/aws-sdk-go-v2/feature/dynamodb/attributevalue v1.10.3 h1:Xucaa/2h9Ws+QRi99QRVOlhD1g6B87X14ERZ8BdgjiI=
github.com/aws/aws-sdk-go-v2/feature/dynamodb/attributevalue v1.10.3/go.mod h1:Gyso9fSiCpGSh47v2g4pstu0hDV/a80dra1teDpjzzk=
github.com/aws/aws-sdk-go-v2/feature/dynamodbstreams/attributevalue v1.10.2 h1:gYsMtga/kJRwjEEj5JR1K42QVlFZSEnxhZMTnX67Y6k=
github.com/aws/aws-sdk-go-v2/feature/dynamodbstreams/attributevalue v1.10.2/go.mod h1:59WjL5SFMWmSDZbERNB5V4jcCIIOBYY2lHAdovkW2Co=
github.com/aws/aws-sdk-go-v2/internal/configsources v1.1.25 h1:nBO/RFxeq/IS5G9Of+ZrgucRciie2qpLy++3UGZ+q2E=
github.com/aws/aws-sdk-go-v2/internal/configsources v1.1.25/go.mod h1:Zb29PYkf42vVYQY6pvSyJCJcFHlPIiY+YKdPtwnvMkY=
github.com/aws/aws-sdk-go-v2/internal/endpoints/v2 v2.4.19 h1:oRHDrwCTVT8ZXi4sr9Ld+EXk7N/KGssOr2ygNeojEhw=
github.com/aws/aws-sdk-go-v2/internal/endpoints/v2 v2.4.19/go.mod h1:6Q0546uHDp421okhmmGfbxzq2hBqbXFNpi4k+Q1JnQA=
github.com/aws/aws-sdk-go-v2/internal/v4a v1.0.16 h1:2EXB7dtGwRYIN3XQ9qwIW504DVbKIw3r89xQnonGdsQ=
github.com/aws/aws-sdk-go-v2/internal/v4a v1.0.16/go.mod h1:XH+3h395e3WVdd6T2Z3mPxuI+x/HVtdqVOREkTiyubs=
github.com/aws/aws-sdk-go-v2/service/dynamodb v1.17.3/go.mod h1:BiglbKCG56L8tmMnUEyEQo422BO9xnNR8vVHnOsByf8=
github.com/aws/aws-sdk-go-v2/service/dynamodb v1.17.4 h1:mN72saOOYAq2qBczDTi2LznXFf98lvimpSethXyVnOQ=
github.com/aws/aws-sdk-go-v2/service/dynamodb v1.17.4/go.mod h1:BiglbKCG56L8tmMnUEyEQo422BO9xnNR8vVHnOsByf8=
github.com/aws/aws-sdk-go-v2/service/dynamodbstreams v1.13.22/go.mod h1:5lIdkQbMmEblCTEAyFAsLduBtMPD9Bqt9fwPjBK1KWU=
github.com/aws/aws-sdk-go-v2/service/dynamodbstreams v1.13.23 h1:PsiC3+l7FNXDSWNrprDfVoRNNEHNzyju1ruECjRyvuU=
github.com/aws/aws-sdk-go-v2/service/dynamodbstreams v1.13.23/go.mod h1:5lIdkQbMmEblCTEAyFAsLduBtMPD9Bqt9fwPjBK1KWU=
github.com/aws/aws-sdk-go-v2/service/internal/accept-encoding v1.9.10 h1:dpiPHgmFstgkLG07KaYAewvuptq5kvo52xn7tVSrtrQ=
github.com/aws/aws-sdk-go-v2/service/internal/accept-encoding v1.9.10/go.mod h1:9cBNUHI2aW4ho0A5T87O294iPDuuUOSIEDjnd1Lq/z0=
github.com/aws/aws-sdk-go-v2/service/internal/checksum v1.1.20 h1:KSvtm1+fPXE0swe9GPjc6msyrdTT0LB/BP8eLugL1FI=
github.com/aws/aws-sdk-go-v2/service/internal/checksum v1.1.20/go.mod h1:Mp4XI/CkWGD79AQxZ5lIFlgvC0A+gl+4BmyG1F+SfNc=
github.com/aws/aws-sdk-go-v2/service/internal/endpoint-discovery v1.7.19/go.mod h1:2WpVWFC5n4DYhjNXzObtge8xfgId9UP6GWca46KJFLo=
github.com/aws/aws-sdk-go-v2/service/internal/presigned-url v1.9.19 h1:GE25AWCdNUPh9AOJzI9KIJnja7IwUc1WyUqz/JTyJ/I=
github.com/aws/aws-sdk-go-v2/service/internal/presigned-url v1.9.19/go.mod h1:02CP6iuYP+IVnBX5HULVdSAku/85eHB2Y9EsFhrkEwU=
github.com/aws/aws-sdk-go-v2/service/internal/s3shared v1.13.19 h1:piDBAaWkaxkkVV3xJJbTehXCZRXYs49kvpi/LG6LR2o=
github.com/aws/aws-sdk-go-v2/service/internal/s3shared v1.13.19/go.mod h1:BmQWRVkLTmyNzYPFAZgon53qKLWBNSvonugD1MrSWUs=
github.com/aws/aws-sdk-go-v2/service/s3 v1.29.1 h1:/EMdFPW/Ppieh0WUtQf1+qCGNLdsq5UWUyevBQ6vMVc=
github.com/aws/aws-sdk-go-v2/service/s3 v1.29.1/go.mod h1:/NHbqPRiwxSPVOB2Xr+StDEH+GWV/64WwnUjv4KYzV0=
github.com/aws/aws-sdk-go-v2/service/sns v1.18.4 h1:X9N/XdzlXIo7XLrFJUYaVYnUZ8as0GCWx9nGw3ey2rQ=
github.com/aws/aws-sdk-go-v2/service/sns v1.18.4/go.mod h1:2cPUjR63iE9MPMPJtSyzYmsTFCNrN/Xi9j0v9BL5OU0=
github.com/aws/jsii-runtime-go v1.71.0 h1:WkTwbKy0Id2UHDUYOB2VDDeXuvShAIW4dUpzBcy7+t8=
github.com/aws/jsii-runtime-go v1.71.0/go.mod h1:Rwfj+tA+2/1/QfJTq1uXHm4UYaeTRc+zP7lZuEfg8cE=
github.com/aws/smithy-go v1.13.4 h1:/RN2z1txIJWeXeOkzX+Hk/4Uuvv7dWtCjbmVJcrskyk=
github.com/aws/smithy-go v1.13.4/go.mod h1:Tg+OJXh4MB2R/uN61Ko2f6hTZwB/ZYGOtib8J3gBHzA=
github.com/davecgh/go-spew v1.1.0/go.mod h1:J7Y8YcW2NihsgmVo/mv3lAwl/skON4iLHjSsI+c5H38=
github.com/davecgh/go-spew v1.1.1 h1:vj9j/u1bqnvCEfJOwUhtlOARqs3+rkHYY13jYWTU97c=
github.com/google/go-cmp v0.5.8 h1:e6P7q2lk1O+qJJb4BtCQXlK8vWEO8V1ZeuEdJNOqZyg=
github.com/google/go-cmp v0.5.8/go.mod h1:17dUlkBOakJ0+DkrSSNjCkIjxS6bF9zb3elmeNGIjoY=
github.com/google/uuid v1.3.0 h1:t6JiXgmwXMjEs8VusXIJk2BXHsn+wx8BZdTaoZ5fu7I=
github.com/google/uuid v1.3.0/go.mod h1:TIyPZe4MgqvfeYDBFedMoGGpEw/LqOeaOT+nhxU+yHo=
github.com/jmespath/go-jmespath v0.4.0 h1:BEgLn5cpjn8UN1mAw4NjwDrS35OdebyEtFe+9YPoQUg=
github.com/jmespath/go-jmespath v0.4.0/go.mod h1:T8mJZnbsbmF+m6zOOFylbeCJqk5+pHWvzYPziyZiYoo=
github.com/jmespath/go-jmespath/internal/testify v1.5.1/go.mod h1:L3OGu8Wl2/fWfCI6z80xFu9LTZmf1ZRjMHUOPmWr69U=
github.com/mattn/go-isatty v0.0.16 h1:bq3VjFmv/sOjHtdEhmkEV4x1AJtvUvOJ2PFAZ5+peKQ=
github.com/mattn/go-isatty v0.0.16/go.mod h1:kYGgaQfpe5nmfYZH+SKPsOc2e4SrIfOl2e/yFXSvRLM=
github.com/pkg/errors v0.9.1 h1:FEBLx1zS214owpjy7qsBeixbURkuhQAwrK5UwLGTwt4=
github.com/pkg/errors v0.9.1/go.mod h1:bwawxfHBFNV+L2hUp1rHADufV3IMtnDRdf1r5NINEl0=
github.com/pmezard/go-difflib v1.0.0 h1:4DBwDE0NGyQoBHbLQYPwSUPoCMWR5BEzIk/f1lZbAQM=
github.com/pmezard/go-difflib v1.0.0/go.mod h1:iKH77koFhYxTK1pcRnkKkqfTogsbg7gZNVY4sRDYZ/4=
github.com/relvacode/iso8601 v1.1.0 h1:2nV8sp0eOjpoKQ2vD3xSDygsjAx37NHG2UlZiCkDH4I=
github.com/relvacode/iso8601 v1.1.0/go.mod h1:FlNp+jz+TXpyRqgmM7tnzHHzBnz776kmAH2h3sZCn0I=
github.com/stoewer/go-strcase v1.2.0 h1:Z2iHWqGXH00XYgqDmNgQbIBxf3wrNq0F3feEy0ainaU=
github.com/stoewer/go-strcase v1.2.0/go.mod h1:IBiWB2sKIp3wVVQ3Y035++gc+knqhUQag1KpM8ahLw8=
github.com/stretchr/objx v0.1.0/go.mod h1:HFkY916IF+rwdDfMAkV7OtwuqBVzrE8GR6GFx+wExME=
github.com/stretchr/testify v1.5.1/go.mod h1:5W2xD1RspED5o8YsWQXVCued0rvSQ+mT+I5cxcmMvtA=
github.com/stretchr/testify v1.8.1 h1:w7B6lhMri9wdJUVmEZPGGhZzrYTPvgJArz7wNPgYKsk=
github.com/yuin/goldmark v1.4.13 h1:fVcFKWvrslecOb/tg+Cc05dkeYx540o0FuFt3nUVDoE=
github.com/yuin/goldmark v1.4.13/go.mod h1:6yULJ656Px+3vBD8DxQVa3kxgyrAnzto9xy5taEt/CY=
golang.org/x/crypto v0.0.0-20190308221718-c2843e01d9a2/go.mod h1:djNgcEr1/C05ACkg1iLfiJU5Ep61QUkGW8qpdssI0+w=
golang.org/x/crypto v0.0.0-20191011191535-87dc89f01550/go.mod h1:yigFU9vqHzYiE8UmvKecakEJjdnWj3jj499lnFckfCI=
golang.org/x/lint v0.0.0-20210508222113-6edffad5e616 h1:VLliZ0d+/avPrXXH+OakdXhpJuEoBZuwh1m2j7U6Iug=
golang.org/x/lint v0.0.0-20210508222113-6edffad5e616/go.mod h1:3xt1FjdF8hUf6vQPIChWIBhFzV8gjjsPE/fR3IyQdNY=
golang.org/x/mod v0.1.1-0.20191105210325-c90efee705ee/go.mod h1:QqPTAvyqsEbceGzBzNggFXnrqF1CaUcvgkdR5Ot7KZg=
golang.org/x/mod v0.6.0 h1:b9gGHsz9/HhJ3HF5DHQytPpuwocVTChQJK3AvoLRD5I=
golang.org/x/mod v0.6.0/go.mod h1:4mET923SAdbXp2ki8ey+zGs1SLqsuM2Y0uvdZR/fUNI=
golang.org/x/net v0.0.0-20190404232315-eb5bcb51f2a3/go.mod h1:t9HGtf8HONx5eT2rtn7q6eTqICYqUVnKs3thJo3Qplg=
golang.org/x/net v0.0.0-20190620200207-3b0461eec859/go.mod h1:z5CRVTTTmAJ677TzLLGU+0bjPO0LkuOLi4/5GtJWs/s=
golang.org/x/sync v0.0.0-20190423024810-112230192c58/go.mod h1:RxMgew5VJxzue5/jJTE5uejpjVlOe/izrB70Jof72aM=
golang.org/x/sys v0.0.0-20190215142949-d0b11bdaac8a/go.mod h1:STP8DvDyc/dI5b8T5hshtkjS+E42TnysNCUPdjciGhY=
golang.org/x/sys v0.0.0-20190412213103-97732733099d/go.mod h1:h1NjWce9XRLGQEsW7wpKNCjG9DtNlClVuFLEZdDNbEs=
golang.org/x/sys v0.0.0-20220811171246-fbc7d0a398ab/go.mod h1:oPkhp1MJrh7nUepCBck5+mAzfO9JrbApNNgaTdGDITg=
golang.org/x/sys v0.1.0 h1:kunALQeHf1/185U1i0GOB/fy1IPRDDpuoOOqRReG57U=
golang.org/x/sys v0.1.0/go.mod h1:oPkhp1MJrh7nUepCBck5+mAzfO9JrbApNNgaTdGDITg=
golang.org/x/text v0.3.0/go.mod h1:NqM8EUOU14njkJ3fqMW+pc6Ldnwhi/IjpwHt7yyuwOQ=
golang.org/x/tools v0.0.0-20200130002326-2f3ba24bd6e7/go.mod h1:TB2adYChydJhpapKDTa4BR/hXlZSLoq2Wpct/0txZ28=
golang.org/x/tools v0.2.0 h1:G6AHpWxTMGY1KyEYoAQ5WTtIekUUvDNjan3ugu60JvE=
golang.org/x/tools v0.2.0/go.mod h1:y4OqIKeOV/fWJetJ8bXPU1sEVniLMIyDAZWeHdV+NTA=
golang.org/x/xerrors v0.0.0-20191011141410-1b5146add898/go.mod h1:I/5z698sn9Ka8TeJc9MKroUUfqBBauWjQqLJ2OPfmY0=
gopkg.in/check.v1 v0.0.0-20161208181325-20d25e280405/go.mod h1:Co6ibVJAznAaIkqp8huTwlJQCZ016jof/cbN4VW5Yz0=
gopkg.in/yaml.v2 v2.2.2/go.mod h1:hI93XBmqTisBFMUTm0b8Fm+jr3Dg1NNxqwp+5A1VGuI=
gopkg.in/yaml.v2 v2.2.8/go.mod h1:hI93XBmqTisBFMUTm0b8Fm+jr3Dg1NNxqwp+5A1VGuI=
gopkg.in/yaml.v3 v3.0.1 h1:fxVm/GzAzEWqLHuvctI91KS9hhNmmWOoWu0XTYJS7CA=
